
Microsoft Visual Studio Solution File, Format Version 12.00
# Visual Studio Version 16
VisualStudioVersion = 16.0.30907.101
MinimumVisualStudioVersion = 10.0.40219.1
Project("{9A19103F-16F7-4668-BE54-9A1E7A4F7556}") = "ApplicationTier.Domain", "ApplicationTier.Domain\ApplicationTier.Domain.csproj", "{C80ED0A0-30CD-4508-BA4C-134C56268D09}"
EndProject
Project("{9A19103F-16F7-4668-BE54-9A1E7A4F7556}") = "ApplicationTier.Infrastructure", "ApplicationTier.Infrastructure\ApplicationTier.Infrastructure.csproj", "{72A8B10E-1E72-42D5-A03B-C4E37E1C1767}"
EndProject
Project("{9A19103F-16F7-4668-BE54-9A1E7A4F7556}") = "ApplicationTier.Service", "ApplicationTier.Service\ApplicationTier.Service.csproj", "{0B7BCFE0-25A4-4D8B-9110-51573A59E18A}"
EndProject
Project("{FAE04EC0-301F-11D3-BF4B-00C04F79EFBC}") = "ApplicationTier.API", "ApplicationTier.API\ApplicationTier.API.csproj", "{E9F5CFC0-952F-4039-97AD-B020A70B975B}"
EndProject
Global
	GlobalSection(SolutionConfigurationPlatforms) = preSolution
		Debug|Any CPU = Debug|Any CPU
		Release|Any CPU = Release|Any CPU
	EndGlobalSection
	GlobalSection(ProjectConfigurationPlatforms) = postSolution
		{C80ED0A0-30CD-4508-BA4C-134C56268D09}.Debug|Any CPU.ActiveCfg = Debug|Any CPU
		{C80ED0A0-30CD-4508-BA4C-134C56268D09}.Debug|Any CPU.Build.0 = Debug|Any CPU
		{C80ED0A0-30CD-4508-BA4C-134C56268D09}.Release|Any CPU.ActiveCfg = Release|Any CPU
		{C80ED0A0-30CD-4508-BA4C-134C56268D09}.Release|Any CPU.Build.0 = Release|Any CPU
		{72A8B10E-1E72-42D5-A03B-C4E37E1C1767}.Debug|Any CPU.ActiveCfg = Debug|Any CPU
		{72A8B10E-1E72-42D5-A03B-C4E37E1C1767}.Debug|Any CPU.Build.0 = Debug|Any CPU
		{72A8B10E-1E72-42D5-A03B-C4E37E1C1767}.Release|Any CPU.ActiveCfg = Release|Any CPU
		{72A8B10E-1E72-42D5-A03B-C4E37E1C1767}.Release|Any CPU.Build.0 = Release|Any CPU
		{0B7BCFE0-25A4-4D8B-9110-51573A59E18A}.Debug|Any CPU.ActiveCfg = Debug|Any CPU
		{0B7BCFE0-25A4-4D8B-9110-51573A59E18A}.Debug|Any CPU.Build.0 = Debug|Any CPU
		{0B7BCFE0-25A4-4D8B-9110-51573A59E18A}.Release|Any CPU.ActiveCfg = Release|Any CPU
		{0B7BCFE0-25A4-4D8B-9110-51573A59E18A}.Release|Any CPU.Build.0 = Release|Any CPU
		{E9F5CFC0-952F-4039-97AD-B020A70B975B}.Debug|Any CPU.ActiveCfg = Debug|Any CPU
		{E9F5CFC0-952F-4039-97AD-B020A70B975B}.Debug|Any CPU.Build.0 = Debug|Any CPU
		{E9F5CFC0-952F-4039-97AD-B020A70B975B}.Release|Any CPU.ActiveCfg = Release|Any CPU
		{E9F5CFC0-952F-4039-97AD-B020A70B975B}.Release|Any CPU.Build.0 = Release|Any CPU
	EndGlobalSection
	GlobalSection(SolutionProperties) = preSolution
		HideSolutionNode = FALSE
	EndGlobalSection
	GlobalSection(ExtensibilityGlobals) = postSolution
		SolutionGuid = {E0C6A28D-8541-4F78-BBE0-D6C607FF0DD7}
	EndGlobalSection
EndGlobal
